
Microsoft Visual Studio Solution File, Format Version 12.00
# Visual Studio Version 17
VisualStudioVersion = 17.4.33205.214
MinimumVisualStudioVersion = 10.0.40219.1
Project("{FAE04EC0-301F-11D3-BF4B-00C04F79EFBC}") = "MvcOnlineTicariOtomasyon", "MvcOnlineTicariOtomasyon\MvcOnlineTicariOtomasyon.csproj", "{ED1967A2-5644-4709-9D25-34FBF56EF477}"
EndProject
Global
	GlobalSection(SolutionConfigurationPlatforms) = preSolution
		Debug|Any CPU = Debug|Any CPU
		Release|Any CPU = Release|Any CPU
	EndGlobalSection
	GlobalSection(ProjectConfigurationPlatforms) = postSolution
		{ED1967A2-5644-4709-9D25-34FBF56EF477}.Debug|Any CPU.ActiveCfg = Debug|Any CPU
		{ED1967A2-5644-4709-9D25-34FBF56EF477}.Debug|Any CPU.Build.0 = Debug|Any CPU
		{ED1967A2-5644-4709-9D25-34FBF56EF477}.Release|Any CPU.ActiveCfg = Release|Any CPU
		{ED1967A2-5644-4709-9D25-34FBF56EF477}.Release|Any CPU.Build.0 = Release|Any CPU
	EndGlobalSection
	GlobalSection(SolutionProperties) = preSolution
		HideSolutionNode = FALSE
	EndGlobalSection
	GlobalSection(ExtensibilityGlobals) = postSolution
		SolutionGuid = {DA672D82-C9E1-4FE8-B1AF-052D41467BFC}
	EndGlobalSection
EndGlobal
